schema=llm-agent-codex-lock/v1
codex.commit=5e07071eee7ffd46ccb7564dbfe0b5e57c7a5e2d
codex.tree=047b9858cead6da41f4307d7833213d215ebcee0
codex.provider_lock_blob=fc411bc0c9032318cd6117a70edf95309371238f
codex.runtime_control_blob=b6cd31f8b97b03d082f15647b314bd6df217369f
codex.runtime_binding_blob=550e5e03170fc1da6ebd13bcb21cfe8defb49944
codex.agents_blob=c79def1ce29abd90fb8afd203b2d257a4ba2ab98
codex.validator_blob=574a118eab568193c12e5ebcd1a4cc4d5ae9aeee
codex.workflow_blob=79a2227c4a0015f14e3ba60255a6d0da2244878e
agent-dev-kit.version=5.1.0
agent-dev-kit.commit=59cbd5cb40ca7077ee5407636bfc617e295ec7e5
agent-dev-kit.tree=16d3c99d4dac8c41c09509b82c536a11cc058ca9
agent-dev-kit.manifest_blob=bc349b0dc003c553059cdddbc368ae8ea6ffda89
agent-dev-kit.release_artifact_sha256=d4684fe5888203b4a25e7dda9ab51b83fb900cae2d09adb6e5179a775748c965
updated_at=2026-09-13
