schema=llm-agent-codex-lock/v1
codex.commit=d12e782b46430d6bfc828f24a41f94f871a7a19a
codex.tree=f11e41ce3e74fc0d871dc09e86d83fc621b43914
codex.provider_lock_blob=f6a750188f39e054247dd6bf3ebaf60c7736540c
codex.runtime_control_blob=e024fde23e343b9f1e7a0f4452761a6cae651003
codex.runtime_binding_blob=fab6463065d88e97d4197a5f056f04487751b4d6
codex.agents_blob=d890082f17b7d6acc7e5e547693e405e51177953
codex.validator_blob=ef4bb868638091cbf7e2ffcd066bdf88c9245c7a
codex.workflow_blob=162fb31ab94ac1985c6b768af302f26e1695b10e
agent-dev-kit.version=5.1.1
agent-dev-kit.commit=e36dfec69f21806431b07daddc4bd78412179e62
agent-dev-kit.tree=9c37468930231bdfa7f230e38ed1b85e0dc0f5f5
agent-dev-kit.manifest_blob=4715a03db12ac28d2978356306381c028c75af76
agent-dev-kit.release_artifact_sha256=1924d79034a216f04dde0d08826dd5b87c597f090721335c1cec16e9bc88cbc1
updated_at=2026-09-16
